
Microsoft Visual Studio Solution File, Format Version 12.00
# Visual Studio Version 17
VisualStudioVersion = 17.3.32811.315
MinimumVisualStudioVersion = 10.0.40219.1
Project("{FAE04EC0-301F-11D3-BF4B-00C04F79EFBC}") = "PE3Q5", "PE3Q5.csproj", "{1347FD1E-2A73-49CA-A398-FCC49D5C9953}"
EndProject
Global
	GlobalSection(SolutionConfigurationPlatforms) = preSolution
		Debug|Any CPU = Debug|Any CPU
		Release|Any CPU = Release|Any CPU
	EndGlobalSection
	GlobalSection(ProjectConfigurationPlatforms) = postSolution
		{1347FD1E-2A73-49CA-A398-FCC49D5C9953}.Debug|Any CPU.ActiveCfg = Debug|Any CPU
		{1347FD1E-2A73-49CA-A398-FCC49D5C9953}.Debug|Any CPU.Build.0 = Debug|Any CPU
		{1347FD1E-2A73-49CA-A398-FCC49D5C9953}.Release|Any CPU.ActiveCfg = Release|Any CPU
		{1347FD1E-2A73-49CA-A398-FCC49D5C9953}.Release|Any CPU.Build.0 = Release|Any CPU
	EndGlobalSection
	GlobalSection(SolutionProperties) = preSolution
		HideSolutionNode = FALSE
	EndGlobalSection
	GlobalSection(ExtensibilityGlobals) = postSolution
		SolutionGuid = {CDD6B3CD-7509-412F-BDF9-724BE23FE220}
	EndGlobalSection
EndGlobal
