
Microsoft Visual Studio Solution File, Format Version 12.00
# Visual Studio Version 17
VisualStudioVersion = 17.3.32811.315
MinimumVisualStudioVersion = 10.0.40219.1
Project("{FAE04EC0-301F-11D3-BF4B-00C04F79EFBC}") = "test2", "test2.csproj", "{A9C8FCD9-1A6E-4896-8357-04A3236668AA}"
EndProject
Global
	GlobalSection(SolutionConfigurationPlatforms) = preSolution
		Debug|Any CPU = Debug|Any CPU
		Release|Any CPU = Release|Any CPU
	EndGlobalSection
	GlobalSection(ProjectConfigurationPlatforms) = postSolution
		{A9C8FCD9-1A6E-4896-8357-04A3236668AA}.Debug|Any CPU.ActiveCfg = Debug|Any CPU
		{A9C8FCD9-1A6E-4896-8357-04A3236668AA}.Debug|Any CPU.Build.0 = Debug|Any CPU
		{A9C8FCD9-1A6E-4896-8357-04A3236668AA}.Release|Any CPU.ActiveCfg = Release|Any CPU
		{A9C8FCD9-1A6E-4896-8357-04A3236668AA}.Release|Any CPU.Build.0 = Release|Any CPU
	EndGlobalSection
	GlobalSection(SolutionProperties) = preSolution
		HideSolutionNode = FALSE
	EndGlobalSection
	GlobalSection(ExtensibilityGlobals) = postSolution
		SolutionGuid = {EF0B704D-8822-4ECF-AB2B-49D9D6BCB033}
	EndGlobalSection
EndGlobal
