
Microsoft Visual Studio Solution File, Format Version 12.00
# Visual Studio Version 17
VisualStudioVersion = 17.3.32811.315
MinimumVisualStudioVersion = 10.0.40219.1
Project("{FAE04EC0-301F-11D3-BF4B-00C04F79EFBC}") = "PE8_9", "PE8_9.csproj", "{075471DC-CA9D-4C86-9BFB-2F96BDAE59DB}"
EndProject
Global
	GlobalSection(SolutionConfigurationPlatforms) = preSolution
		Debug|Any CPU = Debug|Any CPU
		Release|Any CPU = Release|Any CPU
	EndGlobalSection
	GlobalSection(ProjectConfigurationPlatforms) = postSolution
		{075471DC-CA9D-4C86-9BFB-2F96BDAE59DB}.Debug|Any CPU.ActiveCfg = Debug|Any CPU
		{075471DC-CA9D-4C86-9BFB-2F96BDAE59DB}.Debug|Any CPU.Build.0 = Debug|Any CPU
		{075471DC-CA9D-4C86-9BFB-2F96BDAE59DB}.Release|Any CPU.ActiveCfg = Release|Any CPU
		{075471DC-CA9D-4C86-9BFB-2F96BDAE59DB}.Release|Any CPU.Build.0 = Release|Any CPU
	EndGlobalSection
	GlobalSection(SolutionProperties) = preSolution
		HideSolutionNode = FALSE
	EndGlobalSection
	GlobalSection(ExtensibilityGlobals) = postSolution
		SolutionGuid = {FA689531-CA93-4D76-A82F-4CFC3D0BBB48}
	EndGlobalSection
EndGlobal
