
Microsoft Visual Studio Solution File, Format Version 12.00
# Visual Studio Version 17
VisualStudioVersion = 17.3.32811.315
MinimumVisualStudioVersion = 10.0.40219.1
Project("{FAE04EC0-301F-11D3-BF4B-00C04F79EFBC}") = "PE8_8", "PE8_8.csproj", "{DD9ABC76-7ADF-4D0D-B8A6-7AA0428C601A}"
EndProject
Global
	GlobalSection(SolutionConfigurationPlatforms) = preSolution
		Debug|Any CPU = Debug|Any CPU
		Release|Any CPU = Release|Any CPU
	EndGlobalSection
	GlobalSection(ProjectConfigurationPlatforms) = postSolution
		{DD9ABC76-7ADF-4D0D-B8A6-7AA0428C601A}.Debug|Any CPU.ActiveCfg = Debug|Any CPU
		{DD9ABC76-7ADF-4D0D-B8A6-7AA0428C601A}.Debug|Any CPU.Build.0 = Debug|Any CPU
		{DD9ABC76-7ADF-4D0D-B8A6-7AA0428C601A}.Release|Any CPU.ActiveCfg = Release|Any CPU
		{DD9ABC76-7ADF-4D0D-B8A6-7AA0428C601A}.Release|Any CPU.Build.0 = Release|Any CPU
	EndGlobalSection
	GlobalSection(SolutionProperties) = preSolution
		HideSolutionNode = FALSE
	EndGlobalSection
	GlobalSection(ExtensibilityGlobals) = postSolution
		SolutionGuid = {B38A2852-C378-4FCB-9A63-6019774B1465}
	EndGlobalSection
EndGlobal
