
Microsoft Visual Studio Solution File, Format Version 12.00
# Visual Studio Version 17
VisualStudioVersion = 17.3.32811.315
MinimumVisualStudioVersion = 10.0.40219.1
Project("{FAE04EC0-301F-11D3-BF4B-00C04F79EFBC}") = "TestCode", "TestCode.csproj", "{C8039715-773E-485F-BBFF-F131BBA5579F}"
EndProject
Global
	GlobalSection(SolutionConfigurationPlatforms) = preSolution
		Debug|Any CPU = Debug|Any CPU
		Release|Any CPU = Release|Any CPU
	EndGlobalSection
	GlobalSection(ProjectConfigurationPlatforms) = postSolution
		{C8039715-773E-485F-BBFF-F131BBA5579F}.Debug|Any CPU.ActiveCfg = Debug|Any CPU
		{C8039715-773E-485F-BBFF-F131BBA5579F}.Debug|Any CPU.Build.0 = Debug|Any CPU
		{C8039715-773E-485F-BBFF-F131BBA5579F}.Release|Any CPU.ActiveCfg = Release|Any CPU
		{C8039715-773E-485F-BBFF-F131BBA5579F}.Release|Any CPU.Build.0 = Release|Any CPU
	EndGlobalSection
	GlobalSection(SolutionProperties) = preSolution
		HideSolutionNode = FALSE
	EndGlobalSection
	GlobalSection(ExtensibilityGlobals) = postSolution
		SolutionGuid = {CB74448D-F974-4FEE-940D-14BD3D4B9D24}
	EndGlobalSection
EndGlobal
