
Microsoft Visual Studio Solution File, Format Version 12.00
# Visual Studio Version 17
VisualStudioVersion = 17.3.32811.315
MinimumVisualStudioVersion = 10.0.40219.1
Project("{FAE04EC0-301F-11D3-BF4B-00C04F79EFBC}") = "DynamicPeople", "DynamicPeople.csproj", "{79AD7B3D-4621-4338-B55A-8302E6F64878}"
EndProject
Global
	GlobalSection(SolutionConfigurationPlatforms) = preSolution
		Debug|Any CPU = Debug|Any CPU
		Release|Any CPU = Release|Any CPU
	EndGlobalSection
	GlobalSection(ProjectConfigurationPlatforms) = postSolution
		{79AD7B3D-4621-4338-B55A-8302E6F64878}.Debug|Any CPU.ActiveCfg = Debug|Any CPU
		{79AD7B3D-4621-4338-B55A-8302E6F64878}.Debug|Any CPU.Build.0 = Debug|Any CPU
		{79AD7B3D-4621-4338-B55A-8302E6F64878}.Release|Any CPU.ActiveCfg = Release|Any CPU
		{79AD7B3D-4621-4338-B55A-8302E6F64878}.Release|Any CPU.Build.0 = Release|Any CPU
	EndGlobalSection
	GlobalSection(SolutionProperties) = preSolution
		HideSolutionNode = FALSE
	EndGlobalSection
	GlobalSection(ExtensibilityGlobals) = postSolution
		SolutionGuid = {638ACF4B-195F-4776-BE05-25327CEDA42C}
	EndGlobalSection
EndGlobal
